
Microsoft Visual Studio Solution File, Format Version 12.00
# Visual Studio Version 16
VisualStudioVersion = 16.0.31105.61
MinimumVisualStudioVersion = 10.0.40219.1
Project("{FAE04EC0-301F-11D3-BF4B-00C04F79EFBC}") = "C Sharp LAB WorkInheritance (Shape)", "C Sharp LAB WorkInheritance (Shape)\C Sharp LAB WorkInheritance (Shape).csproj", "{358E05E0-B06E-4A58-A84F-1449CA04F882}"
EndProject
Project("{FAE04EC0-301F-11D3-BF4B-00C04F79EFBC}") = "Test_Access", "Test_Access\Test_Access.csproj", "{DCF7B6B3-5AC4-4D2B-93FD-4445BDD44E24}"
EndProject
Global
	GlobalSection(SolutionConfigurationPlatforms) = preSolution
		Debug|Any CPU = Debug|Any CPU
		Release|Any CPU = Release|Any CPU
	EndGlobalSection
	GlobalSection(ProjectConfigurationPlatforms) = postSolution
		{358E05E0-B06E-4A58-A84F-1449CA04F882}.Debug|Any CPU.ActiveCfg = Debug|Any CPU
		{358E05E0-B06E-4A58-A84F-1449CA04F882}.Debug|Any CPU.Build.0 = Debug|Any CPU
		{358E05E0-B06E-4A58-A84F-1449CA04F882}.Release|Any CPU.ActiveCfg = Release|Any CPU
		{358E05E0-B06E-4A58-A84F-1449CA04F882}.Release|Any CPU.Build.0 = Release|Any CPU
		{DCF7B6B3-5AC4-4D2B-93FD-4445BDD44E24}.Debug|Any CPU.ActiveCfg = Debug|Any CPU
		{DCF7B6B3-5AC4-4D2B-93FD-4445BDD44E24}.Debug|Any CPU.Build.0 = Debug|Any CPU
		{DCF7B6B3-5AC4-4D2B-93FD-4445BDD44E24}.Release|Any CPU.ActiveCfg = Release|Any CPU
		{DCF7B6B3-5AC4-4D2B-93FD-4445BDD44E24}.Release|Any CPU.Build.0 = Release|Any CPU
	EndGlobalSection
	GlobalSection(SolutionProperties) = preSolution
		HideSolutionNode = FALSE
	EndGlobalSection
	GlobalSection(ExtensibilityGlobals) = postSolution
		SolutionGuid = {33952201-D994-4C6B-8896-20788F9A46B2}
	EndGlobalSection
EndGlobal
